
Microsoft Visual Studio Solution File, Format Version 12.00
# Visual Studio Version 16
VisualStudioVersion = 16.0.30204.135
MinimumVisualStudioVersion = 10.0.40219.1
Project("{FAE04EC0-301F-11D3-BF4B-00C04F79EFBC}") = "MyStore.Web", "MyStore.Web\MyStore.Web.csproj", "{7269D154-9CC8-4DD7-9E6F-DA424A3F668E}"
EndProject
Project("{FAE04EC0-301F-11D3-BF4B-00C04F79EFBC}") = "MyStore.DataLayer", "MyStore.DataLayer\MyStore.DataLayer.csproj", "{3F58F44B-2FB0-463C-9C9F-9A866B0AFEEF}"
EndProject
Project("{FAE04EC0-301F-11D3-BF4B-00C04F79EFBC}") = "MyStore.Core", "MyStore.Core\MyStore.Core.csproj", "{8D343B6C-598E-49ED-8B24-BE248C465D99}"
EndProject
Global
	GlobalSection(SolutionConfigurationPlatforms) = preSolution
		Debug|Any CPU = Debug|Any CPU
		Release|Any CPU = Release|Any CPU
	EndGlobalSection
	GlobalSection(ProjectConfigurationPlatforms) = postSolution
		{7269D154-9CC8-4DD7-9E6F-DA424A3F668E}.Debug|Any CPU.ActiveCfg = Debug|Any CPU
		{7269D154-9CC8-4DD7-9E6F-DA424A3F668E}.Debug|Any CPU.Build.0 = Debug|Any CPU
		{7269D154-9CC8-4DD7-9E6F-DA424A3F668E}.Release|Any CPU.ActiveCfg = Release|Any CPU
		{7269D154-9CC8-4DD7-9E6F-DA424A3F668E}.Release|Any CPU.Build.0 = Release|Any CPU
		{3F58F44B-2FB0-463C-9C9F-9A866B0AFEEF}.Debug|Any CPU.ActiveCfg = Debug|Any CPU
		{3F58F44B-2FB0-463C-9C9F-9A866B0AFEEF}.Debug|Any CPU.Build.0 = Debug|Any CPU
		{3F58F44B-2FB0-463C-9C9F-9A866B0AFEEF}.Release|Any CPU.ActiveCfg = Release|Any CPU
		{3F58F44B-2FB0-463C-9C9F-9A866B0AFEEF}.Release|Any CPU.Build.0 = Release|Any CPU
		{8D343B6C-598E-49ED-8B24-BE248C465D99}.Debug|Any CPU.ActiveCfg = Debug|Any CPU
		{8D343B6C-598E-49ED-8B24-BE248C465D99}.Debug|Any CPU.Build.0 = Debug|Any CPU
		{8D343B6C-598E-49ED-8B24-BE248C465D99}.Release|Any CPU.ActiveCfg = Release|Any CPU
		{8D343B6C-598E-49ED-8B24-BE248C465D99}.Release|Any CPU.Build.0 = Release|Any CPU
	EndGlobalSection
	GlobalSection(SolutionProperties) = preSolution
		HideSolutionNode = FALSE
	EndGlobalSection
	GlobalSection(ExtensibilityGlobals) = postSolution
		SolutionGuid = {1DB51F79-F03E-458A-B70A-4CEB9609E0D3}
	EndGlobalSection
	GlobalSection(TeamFoundationVersionControl) = preSolution
		SccNumberOfProjects = 4
		SccEnterpriseProvider = {4CA58AB2-18FA-4F8D-95D4-32DDF27D184C}
		SccTeamFoundationServer = https://dev.azure.com/MyBigStory
		SccLocalPath0 = .
		SccProjectUniqueName1 = MyStore.Core\\MyStore.Core.csproj
		SccProjectName1 = MyStore.Core
		SccLocalPath1 = MyStore.Core
		SccProjectUniqueName2 = MyStore.DataLayer\\MyStore.DataLayer.csproj
		SccProjectName2 = MyStore.DataLayer
		SccLocalPath2 = MyStore.DataLayer
		SccProjectUniqueName3 = MyStore.Web\\MyStore.Web.csproj
		SccProjectName3 = MyStore.Web
		SccLocalPath3 = MyStore.Web
	EndGlobalSection
EndGlobal
